
Microsoft Visual Studio Solution File, Format Version 12.00
# Visual Studio Version 16
VisualStudioVersion = 16.0.28917.182
MinimumVisualStudioVersion = 10.0.40219.1
Project("{9A19103F-16F7-4668-BE54-9A1E7A4F7556}") = "StringUtilitiesCore", "StringUtilitiesCore\StringUtilitiesCore.csproj", "{18A2A98E-36FA-4947-8678-86E93DF428DF}"
EndProject
Project("{9A19103F-16F7-4668-BE54-9A1E7A4F7556}") = "SetIP", "SetIP\SetIP.csproj", "{2B4F87CA-1E83-4A55-8B47-506390459BCC}"
EndProject
Project("{FAE04EC0-301F-11D3-BF4B-00C04F79EFBC}") = "SetIP1", "SetIP1\SetIP1.csproj", "{271604E6-894E-4692-8A57-019A40BD163C}"
EndProject
Global
	GlobalSection(SolutionConfigurationPlatforms) = preSolution
		Debug|Any CPU = Debug|Any CPU
		Release|Any CPU = Release|Any CPU
	EndGlobalSection
	GlobalSection(ProjectConfigurationPlatforms) = postSolution
		{18A2A98E-36FA-4947-8678-86E93DF428DF}.Debug|Any CPU.ActiveCfg = Debug|Any CPU
		{18A2A98E-36FA-4947-8678-86E93DF428DF}.Debug|Any CPU.Build.0 = Debug|Any CPU
		{18A2A98E-36FA-4947-8678-86E93DF428DF}.Release|Any CPU.ActiveCfg = Release|Any CPU
		{18A2A98E-36FA-4947-8678-86E93DF428DF}.Release|Any CPU.Build.0 = Release|Any CPU
		{2B4F87CA-1E83-4A55-8B47-506390459BCC}.Debug|Any CPU.ActiveCfg = Debug|Any CPU
		{2B4F87CA-1E83-4A55-8B47-506390459BCC}.Debug|Any CPU.Build.0 = Debug|Any CPU
		{2B4F87CA-1E83-4A55-8B47-506390459BCC}.Release|Any CPU.ActiveCfg = Release|Any CPU
		{2B4F87CA-1E83-4A55-8B47-506390459BCC}.Release|Any CPU.Build.0 = Release|Any CPU
		{271604E6-894E-4692-8A57-019A40BD163C}.Debug|Any CPU.ActiveCfg = Debug|Any CPU
		{271604E6-894E-4692-8A57-019A40BD163C}.Debug|Any CPU.Build.0 = Debug|Any CPU
		{271604E6-894E-4692-8A57-019A40BD163C}.Release|Any CPU.ActiveCfg = Release|Any CPU
		{271604E6-894E-4692-8A57-019A40BD163C}.Release|Any CPU.Build.0 = Release|Any CPU
	EndGlobalSection
	GlobalSection(SolutionProperties) = preSolution
		HideSolutionNode = FALSE
	EndGlobalSection
	GlobalSection(ExtensibilityGlobals) = postSolution
		SolutionGuid = {08428765-264B-475F-9641-20118972A24C}
	EndGlobalSection
EndGlobal
